
Microsoft Visual Studio Solution File, Format Version 12.00
# Visual Studio Version 17
VisualStudioVersion = 17.8.34330.188
MinimumVisualStudioVersion = 10.0.40219.1
Project("{FAE04EC0-301F-11D3-BF4B-00C04F79EFBC}") = "FactoryProductionRecorder", "FactoryProductionRecorder\FactoryProductionRecorder.csproj", "{18CA36E7-0606-47F2-A532-E419BA87A0CE}"
EndProject
Global
	GlobalSection(SolutionConfigurationPlatforms) = preSolution
		Debug|Any CPU = Debug|Any CPU
		Release|Any CPU = Release|Any CPU
	EndGlobalSection
	GlobalSection(ProjectConfigurationPlatforms) = postSolution
		{18CA36E7-0606-47F2-A532-E419BA87A0CE}.Debug|Any CPU.ActiveCfg = Debug|Any CPU
		{18CA36E7-0606-47F2-A532-E419BA87A0CE}.Debug|Any CPU.Build.0 = Debug|Any CPU
		{18CA36E7-0606-47F2-A532-E419BA87A0CE}.Release|Any CPU.ActiveCfg = Release|Any CPU
		{18CA36E7-0606-47F2-A532-E419BA87A0CE}.Release|Any CPU.Build.0 = Release|Any CPU
	EndGlobalSection
	GlobalSection(SolutionProperties) = preSolution
		HideSolutionNode = FALSE
	EndGlobalSection
	GlobalSection(ExtensibilityGlobals) = postSolution
		SolutionGuid = {6C061286-8178-4231-B312-7124D62E5B44}
	EndGlobalSection
EndGlobal
